// !$*UTF8*$!
{
	archiveVersion = 1;
	classes = {
	};
	objectVersion = 46;
	objects = {

/* Begin PBXBuildFile section */
		DCD5E5611E93788A00DD6466 /* AppDelegate.swift in Sources */ = {isa = PBXBuildFile; fileRef = DCD5E5601E93788A00DD6466 /* AppDelegate.swift */; };
		DCD5E5631E93788A00DD6466 /* ViewController.swift in Sources */ = {isa = PBXBuildFile; fileRef = DCD5E5621E93788A00DD6466 /* ViewController.swift */; };
		DCD5E5661E93788A00DD6466 /* Main.storyboard in Resources */ = {isa = PBXBuildFile; fileRef = DCD5E5641E93788A00DD6466 /* Main.storyboard */; };
		DCD5E5681E93788A00DD6466 /* Assets.xcassets in Resources */ = {isa = PBXBuildFile; fileRef = DCD5E5671E93788A00DD6466 /* Assets.xcassets */; };
		DCD5E56B1E93788A00DD6466 /* LaunchScreen.storyboard in Resources */ = {isa = PBXBuildFile; fileRef = DCD5E5691E93788A00DD6466 /* LaunchScreen.storyboard */; };
/* End PBXBuildFile section */

/* Begin PBXFileReference section */
		DCD5E55D1E93788A00DD6466 /* PageControllerDemo.app */ = {isa = PBXFileReference; explicitFileType = wrapper.application; includeInIndex = 0; path = PageControllerDemo.app; sourceTree = BUILT_PRODUCTS_DIR; };
		DCD5E5601E93788A00DD6466 /* AppDelegate.swift */ = {isa = PBXFileReference; lastKnownFileType = sourcecode.swift; path = AppDelegate.swift; sourceTree = "<group>"; };
		DCD5E5621E93788A00DD6466 /* ViewController.swift */ = {isa = PBXFileReference; lastKnownFileType = sourcecode.swift; path = ViewController.swift; sourceTree = "<group>"; };
		DCD5E5651E93788A00DD6466 /* Base */ = {isa = PBXFileReference; lastKnownFileType = file.storyboard; name = Base; path = Base.lproj/Main.storyboard; sourceTree = "<group>"; };
		DCD5E5671E93788A00DD6466 /* Assets.xcassets */ = {isa = PBXFileReference; lastKnownFileType = folder.assetcatalog; path = Assets.xcassets; sourceTree = "<group>"; };
		DCD5E56A1E93788A00DD6466 /* Base */ = {isa = PBXFileReference; lastKnownFileType = file.storyboard; name = Base; path = Base.lproj/LaunchScreen.storyboard; sourceTree = "<group>"; };
		DCD5E56C1E93788A00DD6466 /* Info.plist */ = {isa = PBXFileReference; lastKnownFileType = text.plist.xml; path = Info.plist; sourceTree = "<group>"; };
/* End PBXFileReference section */

/* Begin PBXFrameworksBuildPhase section */
		DCD5E55A1E93788A00DD6466 /* Frameworks */ = {
			isa = PBXFrameworksBuildPhase;
			buildActionMask = 2147483647;
			files = (
			);
			runOnlyForDeploymentPostprocessing = 0;
		};
/* End PBXFrameworksBuildPhase section */

/* Begin PBXGroup section */
		DCD5E5541E93788A00DD6466 = {
			isa = PBXGroup;
			children = (
				DCD5E55F1E93788A00DD6466 /* PageControllerDemo */,
				DCD5E55E1E93788A00DD6466 /* Products */,
			);
			sourceTree = "<group>";
		};
		DCD5E55E1E93788A00DD6466 /* Products */ = {
			isa = PBXGroup;
			children = (
				DCD5E55D1E93788A00DD6466 /* PageControllerDemo.app */,
			);
			name = Products;
			sourceTree = "<group>";
		};
		DCD5E55F1E93788A00DD6466 /* PageControllerDemo */ = {
			isa = PBXGroup;
			children = (
				DCD5E5601E93788A00DD6466 /* AppDelegate.swift */,
				DCD5E5621E93788A00DD6466 /* ViewController.swift */,
				DCD5E5641E93788A00DD6466 /* Main.storyboard */,
				DCD5E5671E93788A00DD6466 /* Assets.xcassets */,
				DCD5E5691E93788A00DD6466 /* LaunchScreen.storyboard */,
				DCD5E56C1E93788A00DD6466 /* Info.plist */,
			);
			path = PageControllerDemo;
			sourceTree = "<group>";
		};
/* End PBXGroup section */

/* Begin PBXNativeTarget section */
		DCD5E55C1E93788A00DD6466 /* PageControllerDemo */ = {
			isa = PBXNativeTarget;
			buildConfigurationList = DCD5E56F1E93788A00DD6466 /* Build configuration list for PBXNativeTarget "PageControllerDemo" */;
			buildPhases = (
				DCD5E5591E93788A00DD6466 /* Sources */,
				DCD5E55A1E93788A00DD6466 /* Frameworks */,
				DCD5E55B1E93788A00DD6466 /* Resources */,
			);
			buildRules = (
			);
			dependencies = (
			);
			name = PageControllerDemo;
			productName = PageControllerDemo;
			productReference = DCD5E55D1E93788A00DD6466 /* PageControllerDemo.app */;
			productType = "com.apple.product-type.application";
		};
/* End PBXNativeTarget section */

/* Begin PBXProject section */
		DCD5E5551E93788A00DD6466 /* Project object */ = {
			isa = PBXProject;
			attributes = {
				LastSwiftUpdateCheck = 0820;
				LastUpgradeCheck = 0820;
				ORGANIZATIONNAME = Bansi;
				TargetAttributes = {
					DCD5E55C1E93788A00DD6466 = {
						CreatedOnToolsVersion = 8.2.1;
						ProvisioningStyle = Automatic;
					};
				};
			};
			buildConfigurationList = DCD5E5581E93788A00DD6466 /* Build configuration list for PBXProject "PageControllerDemo" */;
			compatibilityVersion = "Xcode 3.2";
			developmentRegion = English;
			hasScannedForEncodings = 0;
			knownRegions = (
				en,
				Base,
			);
			mainGroup = DCD5E5541E93788A00DD6466;
			productRefGroup = DCD5E55E1E93788A00DD6466 /* Products */;
			projectDirPath = "";
			projectRoot = "";
			targets = (
				DCD5E55C1E93788A00DD6466 /* PageControllerDemo */,
			);
		};
/* End PBXProject section */

/* Begin PBXResourcesBuildPhase section */
		DCD5E55B1E93788A00DD6466 /* Resources */ = {
			isa = PBXResourcesBuildPhase;
			buildActionMask = 2147483647;
			files = (
				DCD5E56B1E93788A00DD6466 /* LaunchScreen.storyboard in Resources */,
				DCD5E5681E93788A00DD6466 /* Assets.xcassets in Resources */,
				DCD5E5661E93788A00DD6466 /* Main.storyboard in Resources */,
			);
			runOnlyForDeploymentPostprocessing = 0;
		};
/* End PBXResourcesBuildPhase section */

/* Begin PBXSourcesBuildPhase section */
		DCD5E5591E93788A00DD6466 /* Sources */ = {
			isa = PBXSourcesBuildPhase;
			buildActionMask = 2147483647;
			files = (
				DCD5E5631E93788A00DD6466 /* ViewController.swift in Sources */,
				DCD5E5611E93788A00DD6466 /* AppDelegate.swift in Sources */,
			);
			runOnlyForDeploymentPostprocessing = 0;
		};
/* End PBXSourcesBuildPhase section */

/* Begin PBXVariantGroup section */
		DCD5E5641E93788A00DD6466 /* Main.storyboard */ = {
			isa = PBXVariantGroup;
			children = (
				DCD5E5651E93788A00DD6466 /* Base */,
			);
			name = Main.storyboard;
			sourceTree = "<group>";
		};
		DCD5E5691E93788A00DD6466 /* LaunchScreen.storyboard */ = {
			isa = PBXVariantGroup;
			children = (
				DCD5E56A1E93788A00DD6466 /* Base */,
			);
			name = LaunchScreen.storyboard;
			sourceTree = "<group>";
		};
/* End PBXVariantGroup section */

/* Begin XCBuildConfiguration section */
		DCD5E56D1E93788A00DD6466 /* Debug */ = {
			isa = XCBuildConfiguration;
			buildSettings = {
				ALWAYS_SEARCH_USER_PATHS = NO;
				CLANG_ANALYZER_NONNULL = YES;
				CLANG_CXX_LANGUAGE_STANDARD = "gnu++0x";
				CLANG_CXX_LIBRARY = "libc++";
				CLANG_ENABLE_MODULES = YES;
				CLANG_ENABLE_OBJC_ARC = YES;
				CLANG_WARN_BOOL_CONVERSION = YES;
				CLANG_WARN_CONSTANT_CONVERSION = YES;
				CLANG_WARN_DIRECT_OBJC_ISA_USAGE = YES_ERROR;
				CLANG_WARN_DOCUMENTATION_COMMENTS = YES;
				CLANG_WARN_EMPTY_BODY = YES;
				CLANG_WARN_ENUM_CONVERSION = YES;
				CLANG_WARN_INFINITE_RECURSION = YES;
				CLANG_WARN_INT_CONVERSION = YES;
				CLANG_WARN_OBJC_ROOT_CLASS = YES_ERROR;
				CLANG_WARN_SUSPICIOUS_MOVE = YES;
				CLANG_WARN_UNREACHABLE_CODE = YES;
				CLANG_WARN__DUPLICATE_METHOD_MATCH = YES;
				"CODE_SIGN_IDENTITY[sdk=iphoneos*]" = "iPhone Developer";
				COPY_PHASE_STRIP = NO;
				DEBUG_INFORMATION_FORMAT = dwarf;
				ENABLE_STRICT_OBJC_MSGSEND = YES;
				ENABLE_TESTABILITY = YES;
				GCC_C_LANGUAGE_STANDARD = gnu99;
				GCC_DYNAMIC_NO_PIC = NO;
				GCC_NO_COMMON_BLOCKS = YES;
				GCC_OPTIMIZATION_LEVEL = 0;
				GCC_PREPROCESSOR_DEFINITIONS = (
					"DEBUG=1",
					"$(inherited)",
				);
				GCC_WARN_64_TO_32_BIT_CONVERSION = YES;
				GCC_WARN_ABOUT_RETURN_TYPE = YES_ERROR;
				GCC_WARN_UNDECLARED_SELECTOR = YES;
				GCC_WARN_UNINITIALIZED_AUTOS = YES_AGGRESSIVE;
				GCC_WARN_UNUSED_FUNCTION = YES;
				GCC_WARN_UNUSED_VARIABLE = YES;
				IPHONEOS_DEPLOYMENT_TARGET = 10.2;
				MTL_ENABLE_DEBUG_INFO = YES;
				ONLY_ACTIVE_ARCH = YES;
				SDKROOT = iphoneos;
				SWIFT_ACTIVE_COMPILATION_CONDITIONS = DEBUG;
				SWIFT_OPTIMIZATION_LEVEL = "-Onone";
				TARGETED_DEVICE_FAMILY = "1,2";
			};
			name = Debug;
		};
		DCD5E56E1E93788A00DD6466 /* Release */ = {
			isa = XCBuildConfiguration;
			buildSettings = {
				ALWAYS_SEARCH_USER_PATHS = NO;
				CLANG_ANALYZER_NONNULL = YES;
				CLANG_CXX_LANGUAGE_STANDARD = "gnu++0x";
				CLANG_CXX_LIBRARY = "libc++";
				CLANG_ENABLE_MODULES = YES;
				CLANG_ENABLE_OBJC_ARC = YES;
				CLANG_WARN_BOOL_CONVERSION = YES;
				CLANG_WARN_CONSTANT_CONVERSION = YES;
				CLANG_WARN_DIRECT_OBJC_ISA_USAGE = YES_ERROR;
				CLANG_WARN_DOCUMENTATION_COMMENTS = YES;
				CLANG_WARN_EMPTY_BODY = YES;
				CLANG_WARN_ENUM_CONVERSION = YES;
				CLANG_WARN_INFINITE_RECURSION = YES;
				CLANG_WARN_INT_CONVERSION = YES;
				CLANG_WARN_OBJC_ROOT_CLASS = YES_ERROR;
				CLANG_WARN_SUSPICIOUS_MOVE = YES;
				CLANG_WARN_UNREACHABLE_CODE = YES;
				CLANG_WARN__DUPLICATE_METHOD_MATCH = YES;
				"CODE_SIGN_IDENTITY[sdk=iphoneos*]" = "iPhone Developer";
				COPY_PHASE_STRIP = NO;
				DEBUG_INFORMATION_FORMAT = "dwarf-with-dsym";
				ENABLE_NS_ASSERTIONS = NO;
				ENABLE_STRICT_OBJC_MSGSEND = YES;
				GCC_C_LANGUAGE_STANDARD = gnu99;
				GCC_NO_COMMON_BLOCKS = YES;
				GCC_WARN_64_TO_32_BIT_CONVERSION = YES;
				GCC_WARN_ABOUT_RETURN_TYPE = YES_ERROR;
				GCC_WARN_UNDECLARED_SELECTOR = YES;
				GCC_WARN_UNINITIALIZED_AUTOS = YES_AGGRESSIVE;
				GCC_WARN_UNUSED_FUNCTION = YES;
				GCC_WARN_UNUSED_VARIABLE = YES;
				IPHONEOS_DEPLOYMENT_TARGET = 10.2;
				MTL_ENABLE_DEBUG_INFO = NO;
				SDKROOT = iphoneos;
				SWIFT_OPTIMIZATION_LEVEL = "-Owholemodule";
				TARGETED_DEVICE_FAMILY = "1,2";
				VALIDATE_PRODUCT = YES;
			};
			name = Release;
		};
		DCD5E5701E93788A00DD6466 /* Debug */ = {
			isa = XCBuildConfiguration;
			buildSettings = {
				ASSETCATALOG_COMPILER_APPICON_NAME = AppIcon;
				INFOPLIST_FILE = PageControllerDemo/Info.plist;
				LD_RUNPATH_SEARCH_PATHS = "$(inherited) @executable_path/Frameworks";
				PRODUCT_BUNDLE_IDENTIFIER = com.test.Demo.PageControllerDemo;
				PRODUCT_NAME = "$(TARGET_NAME)";
				SWIFT_VERSION = 3.0;
			};
			name = Debug;
		};
		DCD5E5711E93788A00DD6466 /* Release */ = {
			isa = XCBuildConfiguration;
			buildSettings = {
				ASSETCATALOG_COMPILER_APPICON_NAME = AppIcon;
				INFOPLIST_FILE = PageControllerDemo/Info.plist;
				LD_RUNPATH_SEARCH_PATHS = "$(inherited) @executable_path/Frameworks";
				PRODUCT_BUNDLE_IDENTIFIER = com.test.Demo.PageControllerDemo;
				PRODUCT_NAME = "$(TARGET_NAME)";
				SWIFT_VERSION = 3.0;
			};
			name = Release;
		};
/* End XCBuildConfiguration section */

/* Begin XCConfigurationList section */
		DCD5E5581E93788A00DD6466 /* Build configuration list for PBXProject "PageControllerDemo" */ = {
			isa = XCConfigurationList;
			buildConfigurations = (
				DCD5E56D1E93788A00DD6466 /* Debug */,
				DCD5E56E1E93788A00DD6466 /* Release */,
			);
			defaultConfigurationIsVisible = 0;
			defaultConfigurationName = Release;
		};
		DCD5E56F1E93788A00DD6466 /* Build configuration list for PBXNativeTarget "PageControllerDemo" */ = {
			isa = XCConfigurationList;
			buildConfigurations = (
				DCD5E5701E93788A00DD6466 /* Debug */,
				DCD5E5711E93788A00DD6466 /* Release */,
			);
			defaultConfigurationIsVisible = 0;
			defaultConfigurationName = Release;
		};
/* End XCConfigurationList section */
	};
	rootObject = DCD5E5551E93788A00DD6466 /* Project object */;
}
